
Microsoft Visual Studio Solution File, Format Version 12.00
# Visual Studio 2012
Project("{E24C65DC-7377-472B-9ABA-BC803B73C61A}") = "Operators-Expressions(1)", "http://localhost:51088", "{3DFB377B-1471-4510-A81B-E3377B802A04}"
	ProjectSection(WebsiteProperties) = preProject
		UseIISExpress = "true"
		TargetFrameworkMoniker = ".NETFramework,Version%3Dv4.5"
		Debug.AspNetCompiler.VirtualPath = "/localhost_51088"
		Debug.AspNetCompiler.PhysicalPath = "..\Operators-Expressions\"
		Debug.AspNetCompiler.TargetPath = "PrecompiledWeb\localhost_51088\"
		Debug.AspNetCompiler.Updateable = "true"
		Debug.AspNetCompiler.ForceOverwrite = "true"
		Debug.AspNetCompiler.FixedNames = "false"
		Debug.AspNetCompiler.Debug = "True"
		Release.AspNetCompiler.VirtualPath = "/localhost_51088"
		Release.AspNetCompiler.PhysicalPath = "..\Operators-Expressions\"
		Release.AspNetCompiler.TargetPath = "PrecompiledWeb\localhost_51088\"
		Release.AspNetCompiler.Updateable = "true"
		Release.AspNetCompiler.ForceOverwrite = "true"
		Release.AspNetCompiler.FixedNames = "false"
		Release.AspNetCompiler.Debug = "False"
		SlnRelativePath = "..\Operators-Expressions\"
		DefaultWebSiteLanguage = "Visual C#"
	EndProjectSection
EndProject
Global
	GlobalSection(SolutionConfigurationPlatforms) = preSolution
		Debug|Any CPU = Debug|Any CPU
	EndGlobalSection
	GlobalSection(ProjectConfigurationPlatforms) = postSolution
		{3DFB377B-1471-4510-A81B-E3377B802A04}.Debug|Any CPU.ActiveCfg = Debug|Any CPU
		{3DFB377B-1471-4510-A81B-E3377B802A04}.Debug|Any CPU.Build.0 = Debug|Any CPU
	EndGlobalSection
	GlobalSection(SolutionProperties) = preSolution
		HideSolutionNode = FALSE
	EndGlobalSection
EndGlobal
